
Microsoft Visual Studio Solution File, Format Version 12.00
# Visual Studio Version 17
VisualStudioVersion = 17.13.35828.75
MinimumVisualStudioVersion = 10.0.40219.1
Project("{8BC9CEB8-8B4A-11D0-8D11-00A0C91BC942}") = "L02_BreakpointsAndMemoryValues", "L02_BreakpointsAndMemoryValues\L02_BreakpointsAndMemoryValues.vcxproj", "{49B5195C-2236-4445-AFDE-8D6A1804278A}"
EndProject
Project("{8BC9CEB8-8B4A-11D0-8D11-00A0C91BC942}") = "L03_MoreAboutBreakpoints", "L03_MoreAboutBreakpoints\L03_MoreAboutBreakpoints.vcxproj", "{173D4932-88C7-468B-9730-E1AD8D3995B6}"
EndProject
Project("{8BC9CEB8-8B4A-11D0-8D11-00A0C91BC942}") = "L04_AutosWindow", "L04_AutosWindow\L04_AutosWindow.vcxproj", "{7E00807B-9B34-4AA8-893C-84F8FE74C911}"
EndProject
Project("{8BC9CEB8-8B4A-11D0-8D11-00A0C91BC942}") = "L05_QuickWatchWindow", "L05_QuickWatchWindow\L05_QuickWatchWindow.vcxproj", "{6F672011-D978-4B98-8CC1-10B932BA6762}"
EndProject
Project("{8BC9CEB8-8B4A-11D0-8D11-00A0C91BC942}") = "L06_ChangingValuesDuringRuntime", "L06_ChangingValuesDuringRuntime\L06_ChangingValuesDuringRuntime.vcxproj", "{6769F08F-0177-49F4-A33D-71BB8B728880}"
EndProject
Project("{8BC9CEB8-8B4A-11D0-8D11-00A0C91BC942}") = "L07_StepInto_Over_Out", "L07_StepInto_Over_Out\L07_StepInto_Over_Out.vcxproj", "{91A0A994-9E52-49F1-B1D2-935CB3AFA601}"
EndProject
Project("{8BC9CEB8-8B4A-11D0-8D11-00A0C91BC942}") = "L08_CreateYourOwnLibrary", "L08_CreateYourOwnLibrary\L08_CreateYourOwnLibrary.vcxproj", "{7E922CB5-BA68-40E9-AE87-A864BF6D1CDF}"
EndProject
Project("{8BC9CEB8-8B4A-11D0-8D11-00A0C91BC942}") = "L09_TernaryOperator", "L09_TernaryOperator\L09_TernaryOperator.vcxproj", "{A1A4ED4E-52B9-467C-BA5C-EE31D7D65C9E}"
EndProject
Project("{8BC9CEB8-8B4A-11D0-8D11-00A0C91BC942}") = "L10_RangedLoop", "L10_RangedLoop\L10_RangedLoop.vcxproj", "{6A5A3520-7E66-4CEC-A26C-719610B9C549}"
EndProject
Project("{8BC9CEB8-8B4A-11D0-8D11-00A0C91BC942}") = "L11_ValidateNumber", "L11_ValidateNumber\L11_ValidateNumber.vcxproj", "{0994264E-FAD4-438F-8E43-8657D31E86FB}"
EndProject
Project("{8BC9CEB8-8B4A-11D0-8D11-00A0C91BC942}") = "L12_BitwiseAndOperator", "L12_BitwiseAndOperator\L12_BitwiseAndOperator.vcxproj", "{05D81668-5628-4526-9B95-F921E311988C}"
EndProject
Project("{8BC9CEB8-8B4A-11D0-8D11-00A0C91BC942}") = "L13_BitwiseOrOperator", "L13_BitwiseOrOperator\L13_BitwiseOrOperator.vcxproj", "{C4F1AF4F-6697-4E54-B826-9E2A1FBBF030}"
EndProject
Project("{8BC9CEB8-8B4A-11D0-8D11-00A0C91BC942}") = "L14_DeclarationVsDefinition", "L14_DeclarationVsDefinition\L14_DeclarationVsDefinition.vcxproj", "{0C6A6B33-E290-45B3-9504-591CF5AE60E6}"
EndProject
Project("{8BC9CEB8-8B4A-11D0-8D11-00A0C91BC942}") = "L15_DefaultParameters", "L15_DefaultParameters\L15_DefaultParameters.vcxproj", "{347D2538-D97F-4870-AB29-60C721B0C83F}"
EndProject
Project("{8BC9CEB8-8B4A-11D0-8D11-00A0C91BC942}") = "L16_FunctionOverloading", "L16_FunctionOverloading\L16_FunctionOverloading.vcxproj", "{C73922A5-1EC6-4EDF-854E-7E6F822A786C}"
EndProject
Project("{8BC9CEB8-8B4A-11D0-8D11-00A0C91BC942}") = "L17_CallStack_CallHierarchy", "L17_CallStack_CallHierarchy\L17_CallStack_CallHierarchy.vcxproj", "{990584B9-4B9E-4253-8AE6-002BA487BC5B}"
EndProject
Project("{8BC9CEB8-8B4A-11D0-8D11-00A0C91BC942}") = "L18_VsFunctionTips", "L18_VsFunctionTips\L18_VsFunctionTips.vcxproj", "{58A9BA76-D078-4E67-B073-2BF2FA624104}"
EndProject
Project("{8BC9CEB8-8B4A-11D0-8D11-00A0C91BC942}") = "L19_Recursion", "L19_Recursion\L19_Recursion.vcxproj", "{E706A814-CA1B-4F9A-A9EE-2AA7D8784705}"
EndProject
Global
	GlobalSection(SolutionConfigurationPlatforms) = preSolution
		Debug|x64 = Debug|x64
		Debug|x86 = Debug|x86
		Release|x64 = Release|x64
		Release|x86 = Release|x86
	EndGlobalSection
	GlobalSection(ProjectConfigurationPlatforms) = postSolution
		{49B5195C-2236-4445-AFDE-8D6A1804278A}.Debug|x64.ActiveCfg = Debug|x64
		{49B5195C-2236-4445-AFDE-8D6A1804278A}.Debug|x64.Build.0 = Debug|x64
		{49B5195C-2236-4445-AFDE-8D6A1804278A}.Debug|x86.ActiveCfg = Debug|Win32
		{49B5195C-2236-4445-AFDE-8D6A1804278A}.Debug|x86.Build.0 = Debug|Win32
		{49B5195C-2236-4445-AFDE-8D6A1804278A}.Release|x64.ActiveCfg = Release|x64
		{49B5195C-2236-4445-AFDE-8D6A1804278A}.Release|x64.Build.0 = Release|x64
		{49B5195C-2236-4445-AFDE-8D6A1804278A}.Release|x86.ActiveCfg = Release|Win32
		{49B5195C-2236-4445-AFDE-8D6A1804278A}.Release|x86.Build.0 = Release|Win32
		{173D4932-88C7-468B-9730-E1AD8D3995B6}.Debug|x64.ActiveCfg = Debug|x64
		{173D4932-88C7-468B-9730-E1AD8D3995B6}.Debug|x64.Build.0 = Debug|x64
		{173D4932-88C7-468B-9730-E1AD8D3995B6}.Debug|x86.ActiveCfg = Debug|Win32
		{173D4932-88C7-468B-9730-E1AD8D3995B6}.Debug|x86.Build.0 = Debug|Win32
		{173D4932-88C7-468B-9730-E1AD8D3995B6}.Release|x64.ActiveCfg = Release|x64
		{173D4932-88C7-468B-9730-E1AD8D3995B6}.Release|x64.Build.0 = Release|x64
		{173D4932-88C7-468B-9730-E1AD8D3995B6}.Release|x86.ActiveCfg = Release|Win32
		{173D4932-88C7-468B-9730-E1AD8D3995B6}.Release|x86.Build.0 = Release|Win32
		{7E00807B-9B34-4AA8-893C-84F8FE74C911}.Debug|x64.ActiveCfg = Debug|x64
		{7E00807B-9B34-4AA8-893C-84F8FE74C911}.Debug|x64.Build.0 = Debug|x64
		{7E00807B-9B34-4AA8-893C-84F8FE74C911}.Debug|x86.ActiveCfg = Debug|Win32
		{7E00807B-9B34-4AA8-893C-84F8FE74C911}.Debug|x86.Build.0 = Debug|Win32
		{7E00807B-9B34-4AA8-893C-84F8FE74C911}.Release|x64.ActiveCfg = Release|x64
		{7E00807B-9B34-4AA8-893C-84F8FE74C911}.Release|x64.Build.0 = Release|x64
		{7E00807B-9B34-4AA8-893C-84F8FE74C911}.Release|x86.ActiveCfg = Release|Win32
		{7E00807B-9B34-4AA8-893C-84F8FE74C911}.Release|x86.Build.0 = Release|Win32
		{6F672011-D978-4B98-8CC1-10B932BA6762}.Debug|x64.ActiveCfg = Debug|x64
		{6F672011-D978-4B98-8CC1-10B932BA6762}.Debug|x64.Build.0 = Debug|x64
		{6F672011-D978-4B98-8CC1-10B932BA6762}.Debug|x86.ActiveCfg = Debug|Win32
		{6F672011-D978-4B98-8CC1-10B932BA6762}.Debug|x86.Build.0 = Debug|Win32
		{6F672011-D978-4B98-8CC1-10B932BA6762}.Release|x64.ActiveCfg = Release|x64
		{6F672011-D978-4B98-8CC1-10B932BA6762}.Release|x64.Build.0 = Release|x64
		{6F672011-D978-4B98-8CC1-10B932BA6762}.Release|x86.ActiveCfg = Release|Win32
		{6F672011-D978-4B98-8CC1-10B932BA6762}.Release|x86.Build.0 = Release|Win32
		{6769F08F-0177-49F4-A33D-71BB8B728880}.Debug|x64.ActiveCfg = Debug|x64
		{6769F08F-0177-49F4-A33D-71BB8B728880}.Debug|x64.Build.0 = Debug|x64
		{6769F08F-0177-49F4-A33D-71BB8B728880}.Debug|x86.ActiveCfg = Debug|Win32
		{6769F08F-0177-49F4-A33D-71BB8B728880}.Debug|x86.Build.0 = Debug|Win32
		{6769F08F-0177-49F4-A33D-71BB8B728880}.Release|x64.ActiveCfg = Release|x64
		{6769F08F-0177-49F4-A33D-71BB8B728880}.Release|x64.Build.0 = Release|x64
		{6769F08F-0177-49F4-A33D-71BB8B728880}.Release|x86.ActiveCfg = Release|Win32
		{6769F08F-0177-49F4-A33D-71BB8B728880}.Release|x86.Build.0 = Release|Win32
		{91A0A994-9E52-49F1-B1D2-935CB3AFA601}.Debug|x64.ActiveCfg = Debug|x64
		{91A0A994-9E52-49F1-B1D2-935CB3AFA601}.Debug|x64.Build.0 = Debug|x64
		{91A0A994-9E52-49F1-B1D2-935CB3AFA601}.Debug|x86.ActiveCfg = Debug|Win32
		{91A0A994-9E52-49F1-B1D2-935CB3AFA601}.Debug|x86.Build.0 = Debug|Win32
		{91A0A994-9E52-49F1-B1D2-935CB3AFA601}.Release|x64.ActiveCfg = Release|x64
		{91A0A994-9E52-49F1-B1D2-935CB3AFA601}.Release|x64.Build.0 = Release|x64
		{91A0A994-9E52-49F1-B1D2-935CB3AFA601}.Release|x86.ActiveCfg = Release|Win32
		{91A0A994-9E52-49F1-B1D2-935CB3AFA601}.Release|x86.Build.0 = Release|Win32
		{7E922CB5-BA68-40E9-AE87-A864BF6D1CDF}.Debug|x64.ActiveCfg = Debug|x64
		{7E922CB5-BA68-40E9-AE87-A864BF6D1CDF}.Debug|x64.Build.0 = Debug|x64
		{7E922CB5-BA68-40E9-AE87-A864BF6D1CDF}.Debug|x86.ActiveCfg = Debug|Win32
		{7E922CB5-BA68-40E9-AE87-A864BF6D1CDF}.Debug|x86.Build.0 = Debug|Win32
		{7E922CB5-BA68-40E9-AE87-A864BF6D1CDF}.Release|x64.ActiveCfg = Release|x64
		{7E922CB5-BA68-40E9-AE87-A864BF6D1CDF}.Release|x64.Build.0 = Release|x64
		{7E922CB5-BA68-40E9-AE87-A864BF6D1CDF}.Release|x86.ActiveCfg = Release|Win32
		{7E922CB5-BA68-40E9-AE87-A864BF6D1CDF}.Release|x86.Build.0 = Release|Win32
		{A1A4ED4E-52B9-467C-BA5C-EE31D7D65C9E}.Debug|x64.ActiveCfg = Debug|x64
		{A1A4ED4E-52B9-467C-BA5C-EE31D7D65C9E}.Debug|x64.Build.0 = Debug|x64
		{A1A4ED4E-52B9-467C-BA5C-EE31D7D65C9E}.Debug|x86.ActiveCfg = Debug|Win32
		{A1A4ED4E-52B9-467C-BA5C-EE31D7D65C9E}.Debug|x86.Build.0 = Debug|Win32
		{A1A4ED4E-52B9-467C-BA5C-EE31D7D65C9E}.Release|x64.ActiveCfg = Release|x64
		{A1A4ED4E-52B9-467C-BA5C-EE31D7D65C9E}.Release|x64.Build.0 = Release|x64
		{A1A4ED4E-52B9-467C-BA5C-EE31D7D65C9E}.Release|x86.ActiveCfg = Release|Win32
		{A1A4ED4E-52B9-467C-BA5C-EE31D7D65C9E}.Release|x86.Build.0 = Release|Win32
		{6A5A3520-7E66-4CEC-A26C-719610B9C549}.Debug|x64.ActiveCfg = Debug|x64
		{6A5A3520-7E66-4CEC-A26C-719610B9C549}.Debug|x64.Build.0 = Debug|x64
		{6A5A3520-7E66-4CEC-A26C-719610B9C549}.Debug|x86.ActiveCfg = Debug|Win32
		{6A5A3520-7E66-4CEC-A26C-719610B9C549}.Debug|x86.Build.0 = Debug|Win32
		{6A5A3520-7E66-4CEC-A26C-719610B9C549}.Release|x64.ActiveCfg = Release|x64
		{6A5A3520-7E66-4CEC-A26C-719610B9C549}.Release|x64.Build.0 = Release|x64
		{6A5A3520-7E66-4CEC-A26C-719610B9C549}.Release|x86.ActiveCfg = Release|Win32
		{6A5A3520-7E66-4CEC-A26C-719610B9C549}.Release|x86.Build.0 = Release|Win32
		{0994264E-FAD4-438F-8E43-8657D31E86FB}.Debug|x64.ActiveCfg = Debug|x64
		{0994264E-FAD4-438F-8E43-8657D31E86FB}.Debug|x64.Build.0 = Debug|x64
		{0994264E-FAD4-438F-8E43-8657D31E86FB}.Debug|x86.ActiveCfg = Debug|Win32
		{0994264E-FAD4-438F-8E43-8657D31E86FB}.Debug|x86.Build.0 = Debug|Win32
		{0994264E-FAD4-438F-8E43-8657D31E86FB}.Release|x64.ActiveCfg = Release|x64
		{0994264E-FAD4-438F-8E43-8657D31E86FB}.Release|x64.Build.0 = Release|x64
		{0994264E-FAD4-438F-8E43-8657D31E86FB}.Release|x86.ActiveCfg = Release|Win32
		{0994264E-FAD4-438F-8E43-8657D31E86FB}.Release|x86.Build.0 = Release|Win32
		{05D81668-5628-4526-9B95-F921E311988C}.Debug|x64.ActiveCfg = Debug|x64
		{05D81668-5628-4526-9B95-F921E311988C}.Debug|x64.Build.0 = Debug|x64
		{05D81668-5628-4526-9B95-F921E311988C}.Debug|x86.ActiveCfg = Debug|Win32
		{05D81668-5628-4526-9B95-F921E311988C}.Debug|x86.Build.0 = Debug|Win32
		{05D81668-5628-4526-9B95-F921E311988C}.Release|x64.ActiveCfg = Release|x64
		{05D81668-5628-4526-9B95-F921E311988C}.Release|x64.Build.0 = Release|x64
		{05D81668-5628-4526-9B95-F921E311988C}.Release|x86.ActiveCfg = Release|Win32
		{05D81668-5628-4526-9B95-F921E311988C}.Release|x86.Build.0 = Release|Win32
		{C4F1AF4F-6697-4E54-B826-9E2A1FBBF030}.Debug|x64.ActiveCfg = Debug|x64
		{C4F1AF4F-6697-4E54-B826-9E2A1FBBF030}.Debug|x64.Build.0 = Debug|x64
		{C4F1AF4F-6697-4E54-B826-9E2A1FBBF030}.Debug|x86.ActiveCfg = Debug|Win32
		{C4F1AF4F-6697-4E54-B826-9E2A1FBBF030}.Debug|x86.Build.0 = Debug|Win32
		{C4F1AF4F-6697-4E54-B826-9E2A1FBBF030}.Release|x64.ActiveCfg = Release|x64
		{C4F1AF4F-6697-4E54-B826-9E2A1FBBF030}.Release|x64.Build.0 = Release|x64
		{C4F1AF4F-6697-4E54-B826-9E2A1FBBF030}.Release|x86.ActiveCfg = Release|Win32
		{C4F1AF4F-6697-4E54-B826-9E2A1FBBF030}.Release|x86.Build.0 = Release|Win32
		{0C6A6B33-E290-45B3-9504-591CF5AE60E6}.Debug|x64.ActiveCfg = Debug|x64
		{0C6A6B33-E290-45B3-9504-591CF5AE60E6}.Debug|x64.Build.0 = Debug|x64
		{0C6A6B33-E290-45B3-9504-591CF5AE60E6}.Debug|x86.ActiveCfg = Debug|Win32
		{0C6A6B33-E290-45B3-9504-591CF5AE60E6}.Debug|x86.Build.0 = Debug|Win32
		{0C6A6B33-E290-45B3-9504-591CF5AE60E6}.Release|x64.ActiveCfg = Release|x64
		{0C6A6B33-E290-45B3-9504-591CF5AE60E6}.Release|x64.Build.0 = Release|x64
		{0C6A6B33-E290-45B3-9504-591CF5AE60E6}.Release|x86.ActiveCfg = Release|Win32
		{0C6A6B33-E290-45B3-9504-591CF5AE60E6}.Release|x86.Build.0 = Release|Win32
		{347D2538-D97F-4870-AB29-60C721B0C83F}.Debug|x64.ActiveCfg = Debug|x64
		{347D2538-D97F-4870-AB29-60C721B0C83F}.Debug|x64.Build.0 = Debug|x64
		{347D2538-D97F-4870-AB29-60C721B0C83F}.Debug|x86.ActiveCfg = Debug|Win32
		{347D2538-D97F-4870-AB29-60C721B0C83F}.Debug|x86.Build.0 = Debug|Win32
		{347D2538-D97F-4870-AB29-60C721B0C83F}.Release|x64.ActiveCfg = Release|x64
		{347D2538-D97F-4870-AB29-60C721B0C83F}.Release|x64.Build.0 = Release|x64
		{347D2538-D97F-4870-AB29-60C721B0C83F}.Release|x86.ActiveCfg = Release|Win32
		{347D2538-D97F-4870-AB29-60C721B0C83F}.Release|x86.Build.0 = Release|Win32
		{C73922A5-1EC6-4EDF-854E-7E6F822A786C}.Debug|x64.ActiveCfg = Debug|x64
		{C73922A5-1EC6-4EDF-854E-7E6F822A786C}.Debug|x64.Build.0 = Debug|x64
		{C73922A5-1EC6-4EDF-854E-7E6F822A786C}.Debug|x86.ActiveCfg = Debug|Win32
		{C73922A5-1EC6-4EDF-854E-7E6F822A786C}.Debug|x86.Build.0 = Debug|Win32
		{C73922A5-1EC6-4EDF-854E-7E6F822A786C}.Release|x64.ActiveCfg = Release|x64
		{C73922A5-1EC6-4EDF-854E-7E6F822A786C}.Release|x64.Build.0 = Release|x64
		{C73922A5-1EC6-4EDF-854E-7E6F822A786C}.Release|x86.ActiveCfg = Release|Win32
		{C73922A5-1EC6-4EDF-854E-7E6F822A786C}.Release|x86.Build.0 = Release|Win32
		{990584B9-4B9E-4253-8AE6-002BA487BC5B}.Debug|x64.ActiveCfg = Debug|x64
		{990584B9-4B9E-4253-8AE6-002BA487BC5B}.Debug|x64.Build.0 = Debug|x64
		{990584B9-4B9E-4253-8AE6-002BA487BC5B}.Debug|x86.ActiveCfg = Debug|Win32
		{990584B9-4B9E-4253-8AE6-002BA487BC5B}.Debug|x86.Build.0 = Debug|Win32
		{990584B9-4B9E-4253-8AE6-002BA487BC5B}.Release|x64.ActiveCfg = Release|x64
		{990584B9-4B9E-4253-8AE6-002BA487BC5B}.Release|x64.Build.0 = Release|x64
		{990584B9-4B9E-4253-8AE6-002BA487BC5B}.Release|x86.ActiveCfg = Release|Win32
		{990584B9-4B9E-4253-8AE6-002BA487BC5B}.Release|x86.Build.0 = Release|Win32
		{58A9BA76-D078-4E67-B073-2BF2FA624104}.Debug|x64.ActiveCfg = Debug|x64
		{58A9BA76-D078-4E67-B073-2BF2FA624104}.Debug|x64.Build.0 = Debug|x64
		{58A9BA76-D078-4E67-B073-2BF2FA624104}.Debug|x86.ActiveCfg = Debug|Win32
		{58A9BA76-D078-4E67-B073-2BF2FA624104}.Debug|x86.Build.0 = Debug|Win32
		{58A9BA76-D078-4E67-B073-2BF2FA624104}.Release|x64.ActiveCfg = Release|x64
		{58A9BA76-D078-4E67-B073-2BF2FA624104}.Release|x64.Build.0 = Release|x64
		{58A9BA76-D078-4E67-B073-2BF2FA624104}.Release|x86.ActiveCfg = Release|Win32
		{58A9BA76-D078-4E67-B073-2BF2FA624104}.Release|x86.Build.0 = Release|Win32
		{E706A814-CA1B-4F9A-A9EE-2AA7D8784705}.Debug|x64.ActiveCfg = Debug|x64
		{E706A814-CA1B-4F9A-A9EE-2AA7D8784705}.Debug|x64.Build.0 = Debug|x64
		{E706A814-CA1B-4F9A-A9EE-2AA7D8784705}.Debug|x86.ActiveCfg = Debug|Win32
		{E706A814-CA1B-4F9A-A9EE-2AA7D8784705}.Debug|x86.Build.0 = Debug|Win32
		{E706A814-CA1B-4F9A-A9EE-2AA7D8784705}.Release|x64.ActiveCfg = Release|x64
		{E706A814-CA1B-4F9A-A9EE-2AA7D8784705}.Release|x64.Build.0 = Release|x64
		{E706A814-CA1B-4F9A-A9EE-2AA7D8784705}.Release|x86.ActiveCfg = Release|Win32
		{E706A814-CA1B-4F9A-A9EE-2AA7D8784705}.Release|x86.Build.0 = Release|Win32
	EndGlobalSection
	GlobalSection(SolutionProperties) = preSolution
		HideSolutionNode = FALSE
	EndGlobalSection
	GlobalSection(ExtensibilityGlobals) = postSolution
		SolutionGuid = {90E3E53A-53CF-43FD-8559-7A53AEC6233C}
	EndGlobalSection
EndGlobal
